
Microsoft Visual Studio Solution File, Format Version 12.00
# Visual Studio 15
VisualStudioVersion = 15.0.28010.2003
MinimumVisualStudioVersion = 10.0.40219.1
Project("{FAE04EC0-301F-11D3-BF4B-00C04F79EFBC}") = "topic1", "ConsoleApp1\topic1.csproj", "{CA40C46B-B72E-4FCF-9411-E785CC9A442E}"
EndProject
Project("{FAE04EC0-301F-11D3-BF4B-00C04F79EFBC}") = "topic2", "ConsoleApp2\topic2.csproj", "{4F3C01A5-B538-464C-98B8-1B8B21B5E4F1}"
EndProject
Project("{FAE04EC0-301F-11D3-BF4B-00C04F79EFBC}") = "topic3", "ConsoleApp3\topic3.csproj", "{07C26813-7C32-4738-A8E8-354FFD6713D4}"
EndProject
Global
	GlobalSection(SolutionConfigurationPlatforms) = preSolution
		Debug|Any CPU = Debug|Any CPU
		Release|Any CPU = Release|Any CPU
	EndGlobalSection
	GlobalSection(ProjectConfigurationPlatforms) = postSolution
		{CA40C46B-B72E-4FCF-9411-E785CC9A442E}.Debug|Any CPU.ActiveCfg = Debug|Any CPU
		{CA40C46B-B72E-4FCF-9411-E785CC9A442E}.Debug|Any CPU.Build.0 = Debug|Any CPU
		{CA40C46B-B72E-4FCF-9411-E785CC9A442E}.Release|Any CPU.ActiveCfg = Release|Any CPU
		{CA40C46B-B72E-4FCF-9411-E785CC9A442E}.Release|Any CPU.Build.0 = Release|Any CPU
		{4F3C01A5-B538-464C-98B8-1B8B21B5E4F1}.Debug|Any CPU.ActiveCfg = Debug|Any CPU
		{4F3C01A5-B538-464C-98B8-1B8B21B5E4F1}.Debug|Any CPU.Build.0 = Debug|Any CPU
		{4F3C01A5-B538-464C-98B8-1B8B21B5E4F1}.Release|Any CPU.ActiveCfg = Release|Any CPU
		{4F3C01A5-B538-464C-98B8-1B8B21B5E4F1}.Release|Any CPU.Build.0 = Release|Any CPU
		{07C26813-7C32-4738-A8E8-354FFD6713D4}.Debug|Any CPU.ActiveCfg = Debug|Any CPU
		{07C26813-7C32-4738-A8E8-354FFD6713D4}.Debug|Any CPU.Build.0 = Debug|Any CPU
		{07C26813-7C32-4738-A8E8-354FFD6713D4}.Release|Any CPU.ActiveCfg = Release|Any CPU
		{07C26813-7C32-4738-A8E8-354FFD6713D4}.Release|Any CPU.Build.0 = Release|Any CPU
	EndGlobalSection
	GlobalSection(SolutionProperties) = preSolution
		HideSolutionNode = FALSE
	EndGlobalSection
	GlobalSection(ExtensibilityGlobals) = postSolution
		SolutionGuid = {52AE3B58-103B-4E5E-BCB0-A82CE6383C3C}
	EndGlobalSection
EndGlobal
